
Microsoft Visual Studio Solution File, Format Version 12.00
# Visual Studio Version 16
VisualStudioVersion = 16.0.31515.178
MinimumVisualStudioVersion = 10.0.40219.1
Project("{9A19103F-16F7-4668-BE54-9A1E7A4F7556}") = "YtBookManagerCore", "YtBookManagerCore.csproj", "{87F989C9-AF74-4F2F-91E4-7EC68C43AA5A}"
EndProject
Global
	GlobalSection(SolutionConfigurationPlatforms) = preSolution
		Debug|Any CPU = Debug|Any CPU
		Release|Any CPU = Release|Any CPU
	EndGlobalSection
	GlobalSection(ProjectConfigurationPlatforms) = postSolution
		{87F989C9-AF74-4F2F-91E4-7EC68C43AA5A}.Debug|Any CPU.ActiveCfg = Debug|Any CPU
		{87F989C9-AF74-4F2F-91E4-7EC68C43AA5A}.Debug|Any CPU.Build.0 = Debug|Any CPU
		{87F989C9-AF74-4F2F-91E4-7EC68C43AA5A}.Release|Any CPU.ActiveCfg = Release|Any CPU
		{87F989C9-AF74-4F2F-91E4-7EC68C43AA5A}.Release|Any CPU.Build.0 = Release|Any CPU
	EndGlobalSection
	GlobalSection(SolutionProperties) = preSolution
		HideSolutionNode = FALSE
	EndGlobalSection
	GlobalSection(ExtensibilityGlobals) = postSolution
		SolutionGuid = {1D5AAFA3-98FD-49D3-80E4-4BB0E0E67418}
	EndGlobalSection
EndGlobal
