
Microsoft Visual Studio Solution File, Format Version 12.00
# Visual Studio Version 16
VisualStudioVersion = 16.0.31613.86
MinimumVisualStudioVersion = 10.0.40219.1
Project("{9A19103F-16F7-4668-BE54-9A1E7A4F7556}") = "DDLGenerator", "DDLGenerator\DDLGenerator.csproj", "{6171617C-5367-4696-92E9-16B194413C3F}"
EndProject
Project("{54435603-DBB4-11D2-8724-00A0C9A8B90C}") = "DDLGeneratorInstaller", "DDLGeneratorInstaller\DDLGeneratorInstaller.vdproj", "{F68BCAB3-EA74-4AC4-AE22-5B0E925EE751}"
EndProject
Global
	GlobalSection(SolutionConfigurationPlatforms) = preSolution
		Debug|Any CPU = Debug|Any CPU
		Release|Any CPU = Release|Any CPU
	EndGlobalSection
	GlobalSection(ProjectConfigurationPlatforms) = postSolution
		{6171617C-5367-4696-92E9-16B194413C3F}.Debug|Any CPU.ActiveCfg = Debug|Any CPU
		{6171617C-5367-4696-92E9-16B194413C3F}.Debug|Any CPU.Build.0 = Debug|Any CPU
		{6171617C-5367-4696-92E9-16B194413C3F}.Release|Any CPU.ActiveCfg = Release|Any CPU
		{6171617C-5367-4696-92E9-16B194413C3F}.Release|Any CPU.Build.0 = Release|Any CPU
		{F68BCAB3-EA74-4AC4-AE22-5B0E925EE751}.Debug|Any CPU.ActiveCfg = Debug
		{F68BCAB3-EA74-4AC4-AE22-5B0E925EE751}.Release|Any CPU.ActiveCfg = Release
	EndGlobalSection
	GlobalSection(SolutionProperties) = preSolution
		HideSolutionNode = FALSE
	EndGlobalSection
	GlobalSection(ExtensibilityGlobals) = postSolution
		SolutionGuid = {FD0A1360-4158-4FBA-8416-249EADE6C525}
	EndGlobalSection
EndGlobal
