
Microsoft Visual Studio Solution File, Format Version 12.00
# Visual Studio Version 16
VisualStudioVersion = 16.0.31229.75
MinimumVisualStudioVersion = 10.0.40219.1
Project("{9A19103F-16F7-4668-BE54-9A1E7A4F7556}") = "YtBookManagerCore", "YtBookManagerCore\YtBookManagerCore.csproj", "{E483E6D0-D562-4D37-9709-DDB72E0D8A48}"
EndProject
Global
	GlobalSection(SolutionConfigurationPlatforms) = preSolution
		Debug|Any CPU = Debug|Any CPU
		Release|Any CPU = Release|Any CPU
	EndGlobalSection
	GlobalSection(ProjectConfigurationPlatforms) = postSolution
		{E483E6D0-D562-4D37-9709-DDB72E0D8A48}.Debug|Any CPU.ActiveCfg = Debug|Any CPU
		{E483E6D0-D562-4D37-9709-DDB72E0D8A48}.Debug|Any CPU.Build.0 = Debug|Any CPU
		{E483E6D0-D562-4D37-9709-DDB72E0D8A48}.Release|Any CPU.ActiveCfg = Release|Any CPU
		{E483E6D0-D562-4D37-9709-DDB72E0D8A48}.Release|Any CPU.Build.0 = Release|Any CPU
	EndGlobalSection
	GlobalSection(SolutionProperties) = preSolution
		HideSolutionNode = FALSE
	EndGlobalSection
	GlobalSection(ExtensibilityGlobals) = postSolution
		SolutionGuid = {0D485588-D3D5-42E7-8163-C24889B9CFDB}
	EndGlobalSection
EndGlobal
